
Microsoft Visual Studio Solution File, Format Version 12.00
# Visual Studio Version 16
VisualStudioVersion = 16.0.33130.400
MinimumVisualStudioVersion = 10.0.40219.1
Project("{FAE04EC0-301F-11D3-BF4B-00C04F79EFBC}") = "ADV", "ADV\ADV.csproj", "{B11D75A8-F857-4955-A17B-371EF427F5C4}"
EndProject
Global
	GlobalSection(SolutionConfigurationPlatforms) = preSolution
		Debug|Any CPU = Debug|Any CPU
		Release|Any CPU = Release|Any CPU
	EndGlobalSection
	GlobalSection(ProjectConfigurationPlatforms) = postSolution
		{B11D75A8-F857-4955-A17B-371EF427F5C4}.Debug|Any CPU.ActiveCfg = Debug|Any CPU
		{B11D75A8-F857-4955-A17B-371EF427F5C4}.Debug|Any CPU.Build.0 = Debug|Any CPU
		{B11D75A8-F857-4955-A17B-371EF427F5C4}.Release|Any CPU.ActiveCfg = Release|Any CPU
		{B11D75A8-F857-4955-A17B-371EF427F5C4}.Release|Any CPU.Build.0 = Release|Any CPU
	EndGlobalSection
	GlobalSection(SolutionProperties) = preSolution
		HideSolutionNode = FALSE
	EndGlobalSection
	GlobalSection(ExtensibilityGlobals) = postSolution
		SolutionGuid = {0A9563B6-D7AA-40BE-B89C-D3DF5E915101}
	EndGlobalSection
EndGlobal
